
Microsoft Visual Studio Solution File, Format Version 12.00
# Visual Studio Version 17
VisualStudioVersion = 17.8.34330.188
MinimumVisualStudioVersion = 10.0.40219.1
Project("{FAE04EC0-301F-11D3-BF4B-00C04F79EFBC}") = "Glow", "Glow\Glow.csproj", "{08581E1F-7684-403D-84A9-F68A9C0436C2}"
EndProject
Global
	GlobalSection(SolutionConfigurationPlatforms) = preSolution
		Debug|Any CPU = Debug|Any CPU
		Release|Any CPU = Release|Any CPU
	EndGlobalSection
	GlobalSection(ProjectConfigurationPlatforms) = postSolution
		{08581E1F-7684-403D-84A9-F68A9C0436C2}.Debug|Any CPU.ActiveCfg = Debug|Any CPU
		{08581E1F-7684-403D-84A9-F68A9C0436C2}.Debug|Any CPU.Build.0 = Debug|Any CPU
		{08581E1F-7684-403D-84A9-F68A9C0436C2}.Release|Any CPU.ActiveCfg = Release|Any CPU
		{08581E1F-7684-403D-84A9-F68A9C0436C2}.Release|Any CPU.Build.0 = Release|Any CPU
	EndGlobalSection
	GlobalSection(SolutionProperties) = preSolution
		HideSolutionNode = FALSE
	EndGlobalSection
	GlobalSection(ExtensibilityGlobals) = postSolution
		SolutionGuid = {50BD2DB8-7DB7-4A6B-A573-2C155723E5FD}
	EndGlobalSection
EndGlobal
